
Microsoft Visual Studio Solution File, Format Version 12.00
# Visual Studio Version 16
VisualStudioVersion = 16.0.30028.174
MinimumVisualStudioVersion = 10.0.40219.1
Project("{FAE04EC0-301F-11D3-BF4B-00C04F79EFBC}") = "Usuarios.Front", "Usuarios.Front\Usuarios.Front.csproj", "{F2AD3C25-DD9C-4145-A2B3-33B9DA2BEC95}"
EndProject
Project("{FAE04EC0-301F-11D3-BF4B-00C04F79EFBC}") = "Core", "Core\Core.csproj", "{22B0BBE0-657F-484A-B14B-D776C1169BC3}"
EndProject
Project("{FAE04EC0-301F-11D3-BF4B-00C04F79EFBC}") = "Domain", "Domain\Domain.csproj", "{82128121-EE81-446E-A6D4-9FF9CC2C008E}"
EndProject
Project("{FAE04EC0-301F-11D3-BF4B-00C04F79EFBC}") = "Infraestructure", "Infraestructure\Infraestructure.csproj", "{D47B6666-BC9D-4BF8-A595-BE14AFFB79B7}"
EndProject
Global
	GlobalSection(SolutionConfigurationPlatforms) = preSolution
		Debug|Any CPU = Debug|Any CPU
		Release|Any CPU = Release|Any CPU
	EndGlobalSection
	GlobalSection(ProjectConfigurationPlatforms) = postSolution
		{F2AD3C25-DD9C-4145-A2B3-33B9DA2BEC95}.Debug|Any CPU.ActiveCfg = Debug|Any CPU
		{F2AD3C25-DD9C-4145-A2B3-33B9DA2BEC95}.Debug|Any CPU.Build.0 = Debug|Any CPU
		{F2AD3C25-DD9C-4145-A2B3-33B9DA2BEC95}.Release|Any CPU.ActiveCfg = Release|Any CPU
		{F2AD3C25-DD9C-4145-A2B3-33B9DA2BEC95}.Release|Any CPU.Build.0 = Release|Any CPU
		{22B0BBE0-657F-484A-B14B-D776C1169BC3}.Debug|Any CPU.ActiveCfg = Debug|Any CPU
		{22B0BBE0-657F-484A-B14B-D776C1169BC3}.Debug|Any CPU.Build.0 = Debug|Any CPU
		{22B0BBE0-657F-484A-B14B-D776C1169BC3}.Release|Any CPU.ActiveCfg = Release|Any CPU
		{22B0BBE0-657F-484A-B14B-D776C1169BC3}.Release|Any CPU.Build.0 = Release|Any CPU
		{82128121-EE81-446E-A6D4-9FF9CC2C008E}.Debug|Any CPU.ActiveCfg = Debug|Any CPU
		{82128121-EE81-446E-A6D4-9FF9CC2C008E}.Debug|Any CPU.Build.0 = Debug|Any CPU
		{82128121-EE81-446E-A6D4-9FF9CC2C008E}.Release|Any CPU.ActiveCfg = Release|Any CPU
		{82128121-EE81-446E-A6D4-9FF9CC2C008E}.Release|Any CPU.Build.0 = Release|Any CPU
		{D47B6666-BC9D-4BF8-A595-BE14AFFB79B7}.Debug|Any CPU.ActiveCfg = Debug|Any CPU
		{D47B6666-BC9D-4BF8-A595-BE14AFFB79B7}.Debug|Any CPU.Build.0 = Debug|Any CPU
		{D47B6666-BC9D-4BF8-A595-BE14AFFB79B7}.Release|Any CPU.ActiveCfg = Release|Any CPU
		{D47B6666-BC9D-4BF8-A595-BE14AFFB79B7}.Release|Any CPU.Build.0 = Release|Any CPU
	EndGlobalSection
	GlobalSection(SolutionProperties) = preSolution
		HideSolutionNode = FALSE
	EndGlobalSection
	GlobalSection(ExtensibilityGlobals) = postSolution
		SolutionGuid = {A071AB4A-089E-4AA1-B2FA-CFA1CF96C107}
	EndGlobalSection
EndGlobal
